
Microsoft Visual Studio Solution File, Format Version 12.00
# Visual Studio 2013
VisualStudioVersion = 12.0.30501.0
MinimumVisualStudioVersion = 10.0.40219.1
Project("{2150E333-8FDC-42A3-9474-1A3956D46DE8}") = ".nuget", ".nuget", "{137523E1-5C9A-419F-9679-2166158EF0E2}"
	ProjectSection(SolutionItems) = preProject
		.nuget\NuGet.Config = .nuget\NuGet.Config
		.nuget\NuGet.exe = .nuget\NuGet.exe
		.nuget\NuGet.targets = .nuget\NuGet.targets
	EndProjectSection
EndProject
Project("{2150E333-8FDC-42A3-9474-1A3956D46DE8}") = "1.0 Infrastructure", "1.0 Infrastructure", "{7E2E9B68-9CF1-4FFC-8A08-D92BA8115DE0}"
EndProject
Project("{2150E333-8FDC-42A3-9474-1A3956D46DE8}") = "Common", "Common", "{E56C5789-5A04-4919-8F50-EA4BC3B6E300}"
EndProject
Project("{2150E333-8FDC-42A3-9474-1A3956D46DE8}") = "Data", "Data", "{0F6C22BD-24C3-4F45-94CC-4E5209CD3CF4}"
	ProjectSection(SolutionItems) = preProject
		Reference Repository.txt = Reference Repository.txt
	EndProjectSection
EndProject
Project("{FAE04EC0-301F-11D3-BF4B-00C04F79EFBC}") = "Myware.Repository", "Infrastructure\Data\Myware.Repository\Myware.Repository.csproj", "{24D79CBE-FCEB-4C3B-A446-066E653E89EE}"
EndProject
Project("{FAE04EC0-301F-11D3-BF4B-00C04F79EFBC}") = "Myware.Repository.EF", "Infrastructure\Data\Myware.Repository.EF\Myware.Repository.EF.csproj", "{86F784C9-F0B9-4177-B61E-3B897488C78A}"
EndProject
Project("{FAE04EC0-301F-11D3-BF4B-00C04F79EFBC}") = "Myware.Service", "Infrastructure\Data\Myware.Service\Myware.Service.csproj", "{0017B7B0-C9D8-4449-8CDE-7635462ABAFE}"
EndProject
Project("{2150E333-8FDC-42A3-9474-1A3956D46DE8}") = "3.0 Components", "3.0 Components", "{B75CCEE1-BF76-44BF-93FA-6D17AC28090C}"
EndProject
Project("{2150E333-8FDC-42A3-9474-1A3956D46DE8}") = "Security", "Security", "{01B9AC53-0043-44A2-A35D-44CA50F18AD1}"
EndProject
Project("{FAE04EC0-301F-11D3-BF4B-00C04F79EFBC}") = "Myware.Components.Security", "Components\Security\Myware.Components.Security\Myware.Components.Security.csproj", "{B66DC1C4-9950-4A3C-99D2-A3A9809A793A}"
EndProject
Project("{FAE04EC0-301F-11D3-BF4B-00C04F79EFBC}") = "Myware.Common", "Infrastructure\Common\Myware.Common\Myware.Common.csproj", "{48A2483A-264D-41E3-8748-5228409D7547}"
EndProject
Project("{2150E333-8FDC-42A3-9474-1A3956D46DE8}") = "2.0 Data", "2.0 Data", "{B0227111-F410-41DB-84F6-64C91E32D69F}"
EndProject
Project("{FAE04EC0-301F-11D3-BF4B-00C04F79EFBC}") = "Myware.Data.Entity", "Data\Myware.Data.Entity\Myware.Data.Entity.csproj", "{2B6E4654-EE17-4146-A212-1B309D372F71}"
EndProject
Project("{2150E333-8FDC-42A3-9474-1A3956D46DE8}") = "PreSalesUnit", "PreSalesUnit", "{700A8D59-4968-4164-9DE8-CC5F6EFE29B1}"
EndProject
Project("{2150E333-8FDC-42A3-9474-1A3956D46DE8}") = "PreSalesLead", "PreSalesLead", "{99CA0E4D-E435-47A8-8355-621F91B62892}"
EndProject
Project("{2150E333-8FDC-42A3-9474-1A3956D46DE8}") = "UserManagement", "UserManagement", "{12CDE251-7C3E-4741-A506-17FFAFC9CBD0}"
EndProject
Project("{2150E333-8FDC-42A3-9474-1A3956D46DE8}") = "TaskManager", "TaskManager", "{9F76A950-6BFA-4AD3-9954-78673FE5FF97}"
EndProject
Project("{2150E333-8FDC-42A3-9474-1A3956D46DE8}") = "4.0 UI", "4.0 UI", "{234ACC98-5B03-49AA-82C1-57C312C5F252}"
EndProject
Project("{FAE04EC0-301F-11D3-BF4B-00C04F79EFBC}") = "Myware.Web", "UI\Myware.Web\Myware.Web.csproj", "{1FBCA2A6-545D-4241-B4EB-496DED1B4521}"
EndProject
Global
	GlobalSection(SolutionConfigurationPlatforms) = preSolution
		Debug|Any CPU = Debug|Any CPU
		Release|Any CPU = Release|Any CPU
	EndGlobalSection
	GlobalSection(ProjectConfigurationPlatforms) = postSolution
		{24D79CBE-FCEB-4C3B-A446-066E653E89EE}.Debug|Any CPU.ActiveCfg = Debug|Any CPU
		{24D79CBE-FCEB-4C3B-A446-066E653E89EE}.Debug|Any CPU.Build.0 = Debug|Any CPU
		{24D79CBE-FCEB-4C3B-A446-066E653E89EE}.Release|Any CPU.ActiveCfg = Release|Any CPU
		{24D79CBE-FCEB-4C3B-A446-066E653E89EE}.Release|Any CPU.Build.0 = Release|Any CPU
		{86F784C9-F0B9-4177-B61E-3B897488C78A}.Debug|Any CPU.ActiveCfg = Debug|Any CPU
		{86F784C9-F0B9-4177-B61E-3B897488C78A}.Debug|Any CPU.Build.0 = Debug|Any CPU
		{86F784C9-F0B9-4177-B61E-3B897488C78A}.Release|Any CPU.ActiveCfg = Release|Any CPU
		{86F784C9-F0B9-4177-B61E-3B897488C78A}.Release|Any CPU.Build.0 = Release|Any CPU
		{0017B7B0-C9D8-4449-8CDE-7635462ABAFE}.Debug|Any CPU.ActiveCfg = Debug|Any CPU
		{0017B7B0-C9D8-4449-8CDE-7635462ABAFE}.Debug|Any CPU.Build.0 = Debug|Any CPU
		{0017B7B0-C9D8-4449-8CDE-7635462ABAFE}.Release|Any CPU.ActiveCfg = Release|Any CPU
		{0017B7B0-C9D8-4449-8CDE-7635462ABAFE}.Release|Any CPU.Build.0 = Release|Any CPU
		{B66DC1C4-9950-4A3C-99D2-A3A9809A793A}.Debug|Any CPU.ActiveCfg = Debug|Any CPU
		{B66DC1C4-9950-4A3C-99D2-A3A9809A793A}.Debug|Any CPU.Build.0 = Debug|Any CPU
		{B66DC1C4-9950-4A3C-99D2-A3A9809A793A}.Release|Any CPU.ActiveCfg = Release|Any CPU
		{B66DC1C4-9950-4A3C-99D2-A3A9809A793A}.Release|Any CPU.Build.0 = Release|Any CPU
		{48A2483A-264D-41E3-8748-5228409D7547}.Debug|Any CPU.ActiveCfg = Debug|Any CPU
		{48A2483A-264D-41E3-8748-5228409D7547}.Debug|Any CPU.Build.0 = Debug|Any CPU
		{48A2483A-264D-41E3-8748-5228409D7547}.Release|Any CPU.ActiveCfg = Release|Any CPU
		{48A2483A-264D-41E3-8748-5228409D7547}.Release|Any CPU.Build.0 = Release|Any CPU
		{2B6E4654-EE17-4146-A212-1B309D372F71}.Debug|Any CPU.ActiveCfg = Debug|Any CPU
		{2B6E4654-EE17-4146-A212-1B309D372F71}.Debug|Any CPU.Build.0 = Debug|Any CPU
		{2B6E4654-EE17-4146-A212-1B309D372F71}.Release|Any CPU.ActiveCfg = Release|Any CPU
		{2B6E4654-EE17-4146-A212-1B309D372F71}.Release|Any CPU.Build.0 = Release|Any CPU
		{1FBCA2A6-545D-4241-B4EB-496DED1B4521}.Debug|Any CPU.ActiveCfg = Debug|Any CPU
		{1FBCA2A6-545D-4241-B4EB-496DED1B4521}.Debug|Any CPU.Build.0 = Debug|Any CPU
		{1FBCA2A6-545D-4241-B4EB-496DED1B4521}.Release|Any CPU.ActiveCfg = Release|Any CPU
		{1FBCA2A6-545D-4241-B4EB-496DED1B4521}.Release|Any CPU.Build.0 = Release|Any CPU
	EndGlobalSection
	GlobalSection(SolutionProperties) = preSolution
		HideSolutionNode = FALSE
	EndGlobalSection
	GlobalSection(NestedProjects) = preSolution
		{E56C5789-5A04-4919-8F50-EA4BC3B6E300} = {7E2E9B68-9CF1-4FFC-8A08-D92BA8115DE0}
		{0F6C22BD-24C3-4F45-94CC-4E5209CD3CF4} = {7E2E9B68-9CF1-4FFC-8A08-D92BA8115DE0}
		{24D79CBE-FCEB-4C3B-A446-066E653E89EE} = {0F6C22BD-24C3-4F45-94CC-4E5209CD3CF4}
		{86F784C9-F0B9-4177-B61E-3B897488C78A} = {0F6C22BD-24C3-4F45-94CC-4E5209CD3CF4}
		{0017B7B0-C9D8-4449-8CDE-7635462ABAFE} = {0F6C22BD-24C3-4F45-94CC-4E5209CD3CF4}
		{01B9AC53-0043-44A2-A35D-44CA50F18AD1} = {B75CCEE1-BF76-44BF-93FA-6D17AC28090C}
		{B66DC1C4-9950-4A3C-99D2-A3A9809A793A} = {01B9AC53-0043-44A2-A35D-44CA50F18AD1}
		{48A2483A-264D-41E3-8748-5228409D7547} = {E56C5789-5A04-4919-8F50-EA4BC3B6E300}
		{2B6E4654-EE17-4146-A212-1B309D372F71} = {B0227111-F410-41DB-84F6-64C91E32D69F}
		{700A8D59-4968-4164-9DE8-CC5F6EFE29B1} = {B75CCEE1-BF76-44BF-93FA-6D17AC28090C}
		{99CA0E4D-E435-47A8-8355-621F91B62892} = {B75CCEE1-BF76-44BF-93FA-6D17AC28090C}
		{12CDE251-7C3E-4741-A506-17FFAFC9CBD0} = {B75CCEE1-BF76-44BF-93FA-6D17AC28090C}
		{9F76A950-6BFA-4AD3-9954-78673FE5FF97} = {B75CCEE1-BF76-44BF-93FA-6D17AC28090C}
		{1FBCA2A6-545D-4241-B4EB-496DED1B4521} = {234ACC98-5B03-49AA-82C1-57C312C5F252}
	EndGlobalSection
EndGlobal
